// !$*UTF8*$!
{
	archiveVersion = 1;
	classes = {
	};
	objectVersion = 46;
	objects = {

/* Begin PBXBuildFile section */
		3A2025DA1DAD1CE100B367CE /* EsterEgg.swift in Sources */ = {isa = PBXBuildFile; fileRef = 3A2025D91DAD1CE100B367CE /* EsterEgg.swift */; };
		3AB722E11DACC376009CB451 /* MVC in Resources */ = {isa = PBXBuildFile; fileRef = 3AB722E01DACC376009CB451 /* MVC */; };
		3AB722EB1DACC3CC009CB451 /* DownDAO.swift in Sources */ = {isa = PBXBuildFile; fileRef = 3AB722E51DACC3CC009CB451 /* DownDAO.swift */; };
		3AB722EC1DACC3CC009CB451 /* FavoriteDAO.swift in Sources */ = {isa = PBXBuildFile; fileRef = 3AB722E61DACC3CC009CB451 /* FavoriteDAO.swift */; };
		3AB722ED1DACC3CC009CB451 /* HistoryDAO.swift in Sources */ = {isa = PBXBuildFile; fileRef = 3AB722E71DACC3CC009CB451 /* HistoryDAO.swift */; };
		3AB722EE1DACC3CC009CB451 /* LinkDAO.swift in Sources */ = {isa = PBXBuildFile; fileRef = 3AB722E81DACC3CC009CB451 /* LinkDAO.swift */; };
		3AB722EF1DACC3CC009CB451 /* MovieDAO.swift in Sources */ = {isa = PBXBuildFile; fileRef = 3AB722E91DACC3CC009CB451 /* MovieDAO.swift */; };
		3AB722F01DACC3CC009CB451 /* QuestionDAO.swift in Sources */ = {isa = PBXBuildFile; fileRef = 3AB722EA1DACC3CC009CB451 /* QuestionDAO.swift */; };
		3AB722F81DACC3E1009CB451 /* DownVO.swift in Sources */ = {isa = PBXBuildFile; fileRef = 3AB722F21DACC3E1009CB451 /* DownVO.swift */; };
		3AB722F91DACC3E1009CB451 /* FavoriteVO.swift in Sources */ = {isa = PBXBuildFile; fileRef = 3AB722F31DACC3E1009CB451 /* FavoriteVO.swift */; };
		3AB722FA1DACC3E1009CB451 /* HistoryVO.swift in Sources */ = {isa = PBXBuildFile; fileRef = 3AB722F41DACC3E1009CB451 /* HistoryVO.swift */; };
		3AB722FB1DACC3E1009CB451 /* LinkVO.swift in Sources */ = {isa = PBXBuildFile; fileRef = 3AB722F51DACC3E1009CB451 /* LinkVO.swift */; };
		3AB722FC1DACC3E1009CB451 /* MovieVO.swift in Sources */ = {isa = PBXBuildFile; fileRef = 3AB722F61DACC3E1009CB451 /* MovieVO.swift */; };
		3AB722FD1DACC3E1009CB451 /* QuesionVO.swift in Sources */ = {isa = PBXBuildFile; fileRef = 3AB722F71DACC3E1009CB451 /* QuesionVO.swift */; };
		3AB722FF1DACC44C009CB451 /* Gateway.xcdatamodel in Sources */ = {isa = PBXBuildFile; fileRef = 3AB722FE1DACC44C009CB451 /* Gateway.xcdatamodel */; };
		3AB723011DACC488009CB451 /* Init.swift in Sources */ = {isa = PBXBuildFile; fileRef = 3AB723001DACC488009CB451 /* Init.swift */; };
		3AB723161DACC699009CB451 /* Tab in Resources */ = {isa = PBXBuildFile; fileRef = 3AB723151DACC699009CB451 /* Tab */; };
		3AB7231B1DACC6AA009CB451 /* DownViewController.swift in Sources */ = {isa = PBXBuildFile; fileRef = 3AB723181DACC6AA009CB451 /* DownViewController.swift */; };
		3AB7231C1DACC6AA009CB451 /* FavoriteViewController.swift in Sources */ = {isa = PBXBuildFile; fileRef = 3AB723191DACC6AA009CB451 /* FavoriteViewController.swift */; };
		3AB7231D1DACC6AA009CB451 /* HistoryViewController.swift in Sources */ = {isa = PBXBuildFile; fileRef = 3AB7231A1DACC6AA009CB451 /* HistoryViewController.swift */; };
		3AB723231DACC6BD009CB451 /* ATTabbar.swift in Sources */ = {isa = PBXBuildFile; fileRef = 3AB7231F1DACC6BD009CB451 /* ATTabbar.swift */; };
		3AB723241DACC6BD009CB451 /* FirstViewController.swift in Sources */ = {isa = PBXBuildFile; fileRef = 3AB723201DACC6BD009CB451 /* FirstViewController.swift */; };
		3AB723251DACC6BD009CB451 /* ManagerViewController.swift in Sources */ = {isa = PBXBuildFile; fileRef = 3AB723211DACC6BD009CB451 /* ManagerViewController.swift */; };
		3AB723261DACC6BD009CB451 /* ViewController.swift in Sources */ = {isa = PBXBuildFile; fileRef = 3AB723221DACC6BD009CB451 /* ViewController.swift */; };
		3AB7232D1DACC6D0009CB451 /* HomeCategory.swift in Sources */ = {isa = PBXBuildFile; fileRef = 3AB723281DACC6D0009CB451 /* HomeCategory.swift */; };
		3AB7232E1DACC6D0009CB451 /* MovieChoice.swift in Sources */ = {isa = PBXBuildFile; fileRef = 3AB723291DACC6D0009CB451 /* MovieChoice.swift */; };
		3AB7232F1DACC6D0009CB451 /* MovieNext.swift in Sources */ = {isa = PBXBuildFile; fileRef = 3AB7232A1DACC6D0009CB451 /* MovieNext.swift */; };
		3AB723301DACC6D0009CB451 /* MoviePlay.swift in Sources */ = {isa = PBXBuildFile; fileRef = 3AB7232B1DACC6D0009CB451 /* MoviePlay.swift */; };
		3AB723311DACC6D0009CB451 /* MovieQuestion.swift in Sources */ = {isa = PBXBuildFile; fileRef = 3AB7232C1DACC6D0009CB451 /* MovieQuestion.swift */; };
		3AB723341DACC6DC009CB451 /* InfoViewController.swift in Sources */ = {isa = PBXBuildFile; fileRef = 3AB723331DACC6DC009CB451 /* InfoViewController.swift */; };
		3AB7233A1DACC7DE009CB451 /* firstpageViewCon.swift in Sources */ = {isa = PBXBuildFile; fileRef = 3AB723361DACC7DE009CB451 /* firstpageViewCon.swift */; };
		3AB7233B1DACC7DE009CB451 /* page2ViewController.swift in Sources */ = {isa = PBXBuildFile; fileRef = 3AB723371DACC7DE009CB451 /* page2ViewController.swift */; };
		3AB7233C1DACC7DE009CB451 /* TutorialPageViewController.swift in Sources */ = {isa = PBXBuildFile; fileRef = 3AB723381DACC7DE009CB451 /* TutorialPageViewController.swift */; };
		3AB7233D1DACC7DE009CB451 /* TutorialViewController.swift in Sources */ = {isa = PBXBuildFile; fileRef = 3AB723391DACC7DE009CB451 /* TutorialViewController.swift */; };
		3AB7233F1DACC847009CB451 /* TabBarController.swift in Sources */ = {isa = PBXBuildFile; fileRef = 3AB7233E1DACC847009CB451 /* TabBarController.swift */; };
		3ABADF241D9A582A00200931 /* AppDelegate.swift in Sources */ = {isa = PBXBuildFile; fileRef = 3ABADF231D9A582A00200931 /* AppDelegate.swift */; };
		3ABADF291D9A582A00200931 /* Main.storyboard in Resources */ = {isa = PBXBuildFile; fileRef = 3ABADF271D9A582A00200931 /* Main.storyboard */; };
		3ABADF2E1D9A582A00200931 /* Assets.xcassets in Resources */ = {isa = PBXBuildFile; fileRef = 3ABADF2D1D9A582A00200931 /* Assets.xcassets */; };
		3ABADF311D9A582A00200931 /* LaunchScreen.storyboard in Resources */ = {isa = PBXBuildFile; fileRef = 3ABADF2F1D9A582A00200931 /* LaunchScreen.storyboard */; };
		3ABADF3C1D9A582A00200931 /* GatewayTests.swift in Sources */ = {isa = PBXBuildFile; fileRef = 3ABADF3B1D9A582A00200931 /* GatewayTests.swift */; };
		3ABADF471D9A582A00200931 /* GatewayUITests.swift in Sources */ = {isa = PBXBuildFile; fileRef = 3ABADF461D9A582A00200931 /* GatewayUITests.swift */; };
/* End PBXBuildFile section */

/* Begin PBXContainerItemProxy section */
		3ABADF381D9A582A00200931 /* PBXContainerItemProxy */ = {
			isa = PBXContainerItemProxy;
			containerPortal = 3ABADF181D9A582A00200931 /* Project object */;
			proxyType = 1;
			remoteGlobalIDString = 3ABADF1F1D9A582A00200931;
			remoteInfo = Gateway;
		};
		3ABADF431D9A582A00200931 /* PBXContainerItemProxy */ = {
			isa = PBXContainerItemProxy;
			containerPortal = 3ABADF181D9A582A00200931 /* Project object */;
			proxyType = 1;
			remoteGlobalIDString = 3ABADF1F1D9A582A00200931;
			remoteInfo = Gateway;
		};
/* End PBXContainerItemProxy section */

/* Begin PBXFileReference section */
		3A2025D91DAD1CE100B367CE /* EsterEgg.swift */ = {isa = PBXFileReference; fileEncoding = 4; lastKnownFileType = sourcecode.swift; name = EsterEgg.swift; path = Tab/EsterEgg.swift; sourceTree = "<group>"; };
		3AB722E01DACC376009CB451 /* MVC */ = {isa = PBXFileReference; lastKnownFileType = folder; path = MVC; sourceTree = "<group>"; };
		3AB722E51DACC3CC009CB451 /* DownDAO.swift */ = {isa = PBXFileReference; fileEncoding = 4; lastKnownFileType = sourcecode.swift; name = DownDAO.swift; path = MVC/DAO/DownDAO.swift; sourceTree = "<group>"; };
		3AB722E61DACC3CC009CB451 /* FavoriteDAO.swift */ = {isa = PBXFileReference; fileEncoding = 4; lastKnownFileType = sourcecode.swift; name = FavoriteDAO.swift; path = MVC/DAO/FavoriteDAO.swift; sourceTree = "<group>"; };
		3AB722E71DACC3CC009CB451 /* HistoryDAO.swift */ = {isa = PBXFileReference; fileEncoding = 4; lastKnownFileType = sourcecode.swift; name = HistoryDAO.swift; path = MVC/DAO/HistoryDAO.swift; sourceTree = "<group>"; };
		3AB722E81DACC3CC009CB451 /* LinkDAO.swift */ = {isa = PBXFileReference; fileEncoding = 4; lastKnownFileType = sourcecode.swift; name = LinkDAO.swift; path = MVC/DAO/LinkDAO.swift; sourceTree = "<group>"; };
		3AB722E91DACC3CC009CB451 /* MovieDAO.swift */ = {isa = PBXFileReference; fileEncoding = 4; lastKnownFileType = sourcecode.swift; name = MovieDAO.swift; path = MVC/DAO/MovieDAO.swift; sourceTree = "<group>"; };
		3AB722EA1DACC3CC009CB451 /* QuestionDAO.swift */ = {isa = PBXFileReference; fileEncoding = 4; lastKnownFileType = sourcecode.swift; name = QuestionDAO.swift; path = MVC/DAO/QuestionDAO.swift; sourceTree = "<group>"; };
		3AB722F21DACC3E1009CB451 /* DownVO.swift */ = {isa = PBXFileReference; fileEncoding = 4; lastKnownFileType = sourcecode.swift; name = DownVO.swift; path = MVC/VO/DownVO.swift; sourceTree = "<group>"; };
		3AB722F31DACC3E1009CB451 /* FavoriteVO.swift */ = {isa = PBXFileReference; fileEncoding = 4; lastKnownFileType = sourcecode.swift; name = FavoriteVO.swift; path = MVC/VO/FavoriteVO.swift; sourceTree = "<group>"; };
		3AB722F41DACC3E1009CB451 /* HistoryVO.swift */ = {isa = PBXFileReference; fileEncoding = 4; lastKnownFileType = sourcecode.swift; name = HistoryVO.swift; path = MVC/VO/HistoryVO.swift; sourceTree = "<group>"; };
		3AB722F51DACC3E1009CB451 /* LinkVO.swift */ = {isa = PBXFileReference; fileEncoding = 4; lastKnownFileType = sourcecode.swift; name = LinkVO.swift; path = MVC/VO/LinkVO.swift; sourceTree = "<group>"; };
		3AB722F61DACC3E1009CB451 /* MovieVO.swift */ = {isa = PBXFileReference; fileEncoding = 4; lastKnownFileType = sourcecode.swift; name = MovieVO.swift; path = MVC/VO/MovieVO.swift; sourceTree = "<group>"; };
		3AB722F71DACC3E1009CB451 /* QuesionVO.swift */ = {isa = PBXFileReference; fileEncoding = 4; lastKnownFileType = sourcecode.swift; name = QuesionVO.swift; path = MVC/VO/QuesionVO.swift; sourceTree = "<group>"; };
		3AB722FE1DACC44C009CB451 /* Gateway.xcdatamodel */ = {isa = PBXFileReference; lastKnownFileType = wrapper.xcdatamodel; path = Gateway.xcdatamodel; sourceTree = "<group>"; };
		3AB723001DACC488009CB451 /* Init.swift */ = {isa = PBXFileReference; fileEncoding = 4; lastKnownFileType = sourcecode.swift; path = Init.swift; sourceTree = "<group>"; };
		3AB723151DACC699009CB451 /* Tab */ = {isa = PBXFileReference; lastKnownFileType = folder; path = Tab; sourceTree = "<group>"; };
		3AB723181DACC6AA009CB451 /* DownViewController.swift */ = {isa = PBXFileReference; fileEncoding = 4; lastKnownFileType = sourcecode.swift; name = DownViewController.swift; path = Tab/FAVO/DownViewController.swift; sourceTree = "<group>"; };
		3AB723191DACC6AA009CB451 /* FavoriteViewController.swift */ = {isa = PBXFileReference; fileEncoding = 4; lastKnownFileType = sourcecode.swift; name = FavoriteViewController.swift; path = Tab/FAVO/FavoriteViewController.swift; sourceTree = "<group>"; };
		3AB7231A1DACC6AA009CB451 /* HistoryViewController.swift */ = {isa = PBXFileReference; fileEncoding = 4; lastKnownFileType = sourcecode.swift; name = HistoryViewController.swift; path = Tab/FAVO/HistoryViewController.swift; sourceTree = "<group>"; };
		3AB7231F1DACC6BD009CB451 /* ATTabbar.swift */ = {isa = PBXFileReference; fileEncoding = 4; lastKnownFileType = sourcecode.swift; name = ATTabbar.swift; path = Tab/FAVO/tab/ATTabbar.swift; sourceTree = "<group>"; };
		3AB723201DACC6BD009CB451 /* FirstViewController.swift */ = {isa = PBXFileReference; fileEncoding = 4; lastKnownFileType = sourcecode.swift; name = FirstViewController.swift; path = Tab/FAVO/tab/FirstViewController.swift; sourceTree = "<group>"; };
		3AB723211DACC6BD009CB451 /* ManagerViewController.swift */ = {isa = PBXFileReference; fileEncoding = 4; lastKnownFileType = sourcecode.swift; name = ManagerViewController.swift; path = Tab/FAVO/tab/ManagerViewController.swift; sourceTree = "<group>"; };
		3AB723221DACC6BD009CB451 /* ViewController.swift */ = {isa = PBXFileReference; fileEncoding = 4; lastKnownFileType = sourcecode.swift; name = ViewController.swift; path = Tab/FAVO/tab/ViewController.swift; sourceTree = "<group>"; };
		3AB723281DACC6D0009CB451 /* HomeCategory.swift */ = {isa = PBXFileReference; fileEncoding = 4; lastKnownFileType = sourcecode.swift; name = HomeCategory.swift; path = Tab/HOME/HomeCategory.swift; sourceTree = "<group>"; };
		3AB723291DACC6D0009CB451 /* MovieChoice.swift */ = {isa = PBXFileReference; fileEncoding = 4; lastKnownFileType = sourcecode.swift; name = MovieChoice.swift; path = Tab/HOME/MovieChoice.swift; sourceTree = "<group>"; };
		3AB7232A1DACC6D0009CB451 /* MovieNext.swift */ = {isa = PBXFileReference; fileEncoding = 4; lastKnownFileType = sourcecode.swift; name = MovieNext.swift; path = Tab/HOME/MovieNext.swift; sourceTree = "<group>"; };
		3AB7232B1DACC6D0009CB451 /* MoviePlay.swift */ = {isa = PBXFileReference; fileEncoding = 4; lastKnownFileType = sourcecode.swift; name = MoviePlay.swift; path = Tab/HOME/MoviePlay.swift; sourceTree = "<group>"; };
		3AB7232C1DACC6D0009CB451 /* MovieQuestion.swift */ = {isa = PBXFileReference; fileEncoding = 4; lastKnownFileType = sourcecode.swift; name = MovieQuestion.swift; path = Tab/HOME/MovieQuestion.swift; sourceTree = "<group>"; };
		3AB723331DACC6DC009CB451 /* InfoViewController.swift */ = {isa = PBXFileReference; fileEncoding = 4; lastKnownFileType = sourcecode.swift; name = InfoViewController.swift; path = Tab/INFO/InfoViewController.swift; sourceTree = "<group>"; };
		3AB723361DACC7DE009CB451 /* firstpageViewCon.swift */ = {isa = PBXFileReference; fileEncoding = 4; lastKnownFileType = sourcecode.swift; name = firstpageViewCon.swift; path = HTU/firstpageViewCon.swift; sourceTree = "<group>"; };
		3AB723371DACC7DE009CB451 /* page2ViewController.swift */ = {isa = PBXFileReference; fileEncoding = 4; lastKnownFileType = sourcecode.swift; name = page2ViewController.swift; path = HTU/page2ViewController.swift; sourceTree = "<group>"; };
		3AB723381DACC7DE009CB451 /* TutorialPageViewController.swift */ = {isa = PBXFileReference; fileEncoding = 4; lastKnownFileType = sourcecode.swift; name = TutorialPageViewController.swift; path = HTU/TutorialPageViewController.swift; sourceTree = "<group>"; };
		3AB723391DACC7DE009CB451 /* TutorialViewController.swift */ = {isa = PBXFileReference; fileEncoding = 4; lastKnownFileType = sourcecode.swift; name = TutorialViewController.swift; path = HTU/TutorialViewController.swift; sourceTree = "<group>"; };
		3AB7233E1DACC847009CB451 /* TabBarController.swift */ = {isa = PBXFileReference; fileEncoding = 4; lastKnownFileType = sourcecode.swift; name = TabBarController.swift; path = Tab/TabBarController.swift; sourceTree = "<group>"; };
		3ABADF201D9A582A00200931 /* Gateway.app */ = {isa = PBXFileReference; explicitFileType = wrapper.application; includeInIndex = 0; path = Gateway.app; sourceTree = BUILT_PRODUCTS_DIR; };
		3ABADF231D9A582A00200931 /* AppDelegate.swift */ = {isa = PBXFileReference; lastKnownFileType = sourcecode.swift; path = AppDelegate.swift; sourceTree = "<group>"; };
		3ABADF281D9A582A00200931 /* Base */ = {isa = PBXFileReference; lastKnownFileType = file.storyboard; name = Base; path = Base.lproj/Main.storyboard; sourceTree = "<group>"; };
		3ABADF2D1D9A582A00200931 /* Assets.xcassets */ = {isa = PBXFileReference; lastKnownFileType = folder.assetcatalog; path = Assets.xcassets; sourceTree = "<group>"; };
		3ABADF301D9A582A00200931 /* Base */ = {isa = PBXFileReference; lastKnownFileType = file.storyboard; name = Base; path = Base.lproj/LaunchScreen.storyboard; sourceTree = "<group>"; };
		3ABADF321D9A582A00200931 /* Info.plist */ = {isa = PBXFileReference; lastKnownFileType = text.plist.xml; path = Info.plist; sourceTree = "<group>"; };
		3ABADF371D9A582A00200931 /* GatewayTests.xctest */ = {isa = PBXFileReference; explicitFileType = wrapper.cfbundle; includeInIndex = 0; path = GatewayTests.xctest; sourceTree = BUILT_PRODUCTS_DIR; };
		3ABADF3B1D9A582A00200931 /* GatewayTests.swift */ = {isa = PBXFileReference; lastKnownFileType = sourcecode.swift; path = GatewayTests.swift; sourceTree = "<group>"; };
		3ABADF3D1D9A582A00200931 /* Info.plist */ = {isa = PBXFileReference; lastKnownFileType = text.plist.xml; path = Info.plist; sourceTree = "<group>"; };
		3ABADF421D9A582A00200931 /* GatewayUITests.xctest */ = {isa = PBXFileReference; explicitFileType = wrapper.cfbundle; includeInIndex = 0; path = GatewayUITests.xctest; sourceTree = BUILT_PRODUCTS_DIR; };
		3ABADF461D9A582A00200931 /* GatewayUITests.swift */ = {isa = PBXFileReference; lastKnownFileType = sourcecode.swift; path = GatewayUITests.swift; sourceTree = "<group>"; };
		3ABADF481D9A582A00200931 /* Info.plist */ = {isa = PBXFileReference; lastKnownFileType = text.plist.xml; path = Info.plist; sourceTree = "<group>"; };
/* End PBXFileReference section */

/* Begin PBXFrameworksBuildPhase section */
		3ABADF1D1D9A582A00200931 /* Frameworks */ = {
			isa = PBXFrameworksBuildPhase;
			buildActionMask = 2147483647;
			files = (
			);
			runOnlyForDeploymentPostprocessing = 0;
		};
		3ABADF341D9A582A00200931 /* Frameworks */ = {
			isa = PBXFrameworksBuildPhase;
			buildActionMask = 2147483647;
			files = (
			);
			runOnlyForDeploymentPostprocessing = 0;
		};
		3ABADF3F1D9A582A00200931 /* Frameworks */ = {
			isa = PBXFrameworksBuildPhase;
			buildActionMask = 2147483647;
			files = (
			);
			runOnlyForDeploymentPostprocessing = 0;
		};
/* End PBXFrameworksBuildPhase section */

/* Begin PBXGroup section */
		3A427E131DA52396001C472B /* swift */ = {
			isa = PBXGroup;
			children = (
				3AB723141DACC68E009CB451 /* Tab */,
				3AB722E31DACC3B3009CB451 /* MVC */,
				3A427E141DA52CCA001C472B /* HowToUse */,
				3AB7233E1DACC847009CB451 /* TabBarController.swift */,
				3A2025D91DAD1CE100B367CE /* EsterEgg.swift */,
			);
			name = swift;
			sourceTree = "<group>";
		};
		3A427E141DA52CCA001C472B /* HowToUse */ = {
			isa = PBXGroup;
			children = (
				3AB723361DACC7DE009CB451 /* firstpageViewCon.swift */,
				3AB723371DACC7DE009CB451 /* page2ViewController.swift */,
				3AB723381DACC7DE009CB451 /* TutorialPageViewController.swift */,
				3AB723391DACC7DE009CB451 /* TutorialViewController.swift */,
			);
			name = HowToUse;
			sourceTree = "<group>";
		};
		3AB722E31DACC3B3009CB451 /* MVC */ = {
			isa = PBXGroup;
			children = (
				3AB722E01DACC376009CB451 /* MVC */,
				3AB722F11DACC3D9009CB451 /* VO */,
				3AB722E41DACC3C2009CB451 /* DAO */,
			);
			name = MVC;
			sourceTree = "<group>";
		};
		3AB722E41DACC3C2009CB451 /* DAO */ = {
			isa = PBXGroup;
			children = (
				3AB722E51DACC3CC009CB451 /* DownDAO.swift */,
				3AB722E61DACC3CC009CB451 /* FavoriteDAO.swift */,
				3AB722E71DACC3CC009CB451 /* HistoryDAO.swift */,
				3AB722E81DACC3CC009CB451 /* LinkDAO.swift */,
				3AB722E91DACC3CC009CB451 /* MovieDAO.swift */,
				3AB722EA1DACC3CC009CB451 /* QuestionDAO.swift */,
			);
			name = DAO;
			sourceTree = "<group>";
		};
		3AB722F11DACC3D9009CB451 /* VO */ = {
			isa = PBXGroup;
			children = (
				3AB722F21DACC3E1009CB451 /* DownVO.swift */,
				3AB722F31DACC3E1009CB451 /* FavoriteVO.swift */,
				3AB722F41DACC3E1009CB451 /* HistoryVO.swift */,
				3AB722F51DACC3E1009CB451 /* LinkVO.swift */,
				3AB722F61DACC3E1009CB451 /* MovieVO.swift */,
				3AB722F71DACC3E1009CB451 /* QuesionVO.swift */,
			);
			name = VO;
			sourceTree = "<group>";
		};
		3AB723141DACC68E009CB451 /* Tab */ = {
			isa = PBXGroup;
			children = (
				3AB723321DACC6D5009CB451 /* INFO */,
				3AB723271DACC6C7009CB451 /* HOME */,
				3AB723171DACC6A1009CB451 /* FAVO */,
				3AB723151DACC699009CB451 /* Tab */,
			);
			name = Tab;
			sourceTree = "<group>";
		};
		3AB723171DACC6A1009CB451 /* FAVO */ = {
			isa = PBXGroup;
			children = (
				3AB7231E1DACC6B5009CB451 /* tab */,
				3AB723181DACC6AA009CB451 /* DownViewController.swift */,
				3AB723191DACC6AA009CB451 /* FavoriteViewController.swift */,
				3AB7231A1DACC6AA009CB451 /* HistoryViewController.swift */,
			);
			name = FAVO;
			sourceTree = "<group>";
		};
		3AB7231E1DACC6B5009CB451 /* tab */ = {
			isa = PBXGroup;
			children = (
				3AB7231F1DACC6BD009CB451 /* ATTabbar.swift */,
				3AB723201DACC6BD009CB451 /* FirstViewController.swift */,
				3AB723211DACC6BD009CB451 /* ManagerViewController.swift */,
				3AB723221DACC6BD009CB451 /* ViewController.swift */,
			);
			name = tab;
			sourceTree = "<group>";
		};
		3AB723271DACC6C7009CB451 /* HOME */ = {
			isa = PBXGroup;
			children = (
				3AB723281DACC6D0009CB451 /* HomeCategory.swift */,
				3AB723291DACC6D0009CB451 /* MovieChoice.swift */,
				3AB7232A1DACC6D0009CB451 /* MovieNext.swift */,
				3AB7232B1DACC6D0009CB451 /* MoviePlay.swift */,
				3AB7232C1DACC6D0009CB451 /* MovieQuestion.swift */,
			);
			name = HOME;
			sourceTree = "<group>";
		};
		3AB723321DACC6D5009CB451 /* INFO */ = {
			isa = PBXGroup;
			children = (
				3AB723331DACC6DC009CB451 /* InfoViewController.swift */,
			);
			name = INFO;
			sourceTree = "<group>";
		};
		3ABADF171D9A582A00200931 = {
			isa = PBXGroup;
			children = (
				3ABADF221D9A582A00200931 /* Gateway */,
				3ABADF3A1D9A582A00200931 /* GatewayTests */,
				3ABADF451D9A582A00200931 /* GatewayUITests */,
				3ABADF211D9A582A00200931 /* Products */,
			);
			sourceTree = "<group>";
		};
		3ABADF211D9A582A00200931 /* Products */ = {
			isa = PBXGroup;
			children = (
				3ABADF201D9A582A00200931 /* Gateway.app */,
				3ABADF371D9A582A00200931 /* GatewayTests.xctest */,
				3ABADF421D9A582A00200931 /* GatewayUITests.xctest */,
			);
			name = Products;
			sourceTree = "<group>";
		};
		3ABADF221D9A582A00200931 /* Gateway */ = {
			isa = PBXGroup;
			children = (
				3A427E131DA52396001C472B /* swift */,
				3AB723001DACC488009CB451 /* Init.swift */,
				3ABADF231D9A582A00200931 /* AppDelegate.swift */,
				3ABADF2D1D9A582A00200931 /* Assets.xcassets */,
				3ABADF271D9A582A00200931 /* Main.storyboard */,
				3ABADF2F1D9A582A00200931 /* LaunchScreen.storyboard */,
				3ABADF321D9A582A00200931 /* Info.plist */,
				3AB722FE1DACC44C009CB451 /* Gateway.xcdatamodel */,
			);
			path = Gateway;
			sourceTree = "<group>";
		};
		3ABADF3A1D9A582A00200931 /* GatewayTests */ = {
			isa = PBXGroup;
			children = (
				3ABADF3B1D9A582A00200931 /* GatewayTests.swift */,
				3ABADF3D1D9A582A00200931 /* Info.plist */,
			);
			path = GatewayTests;
			sourceTree = "<group>";
		};
		3ABADF451D9A582A00200931 /* GatewayUITests */ = {
			isa = PBXGroup;
			children = (
				3ABADF461D9A582A00200931 /* GatewayUITests.swift */,
				3ABADF481D9A582A00200931 /* Info.plist */,
			);
			path = GatewayUITests;
			sourceTree = "<group>";
		};
/* End PBXGroup section */

/* Begin PBXNativeTarget section */
		3ABADF1F1D9A582A00200931 /* Gateway */ = {
			isa = PBXNativeTarget;
			buildConfigurationList = 3ABADF4B1D9A582A00200931 /* Build configuration list for PBXNativeTarget "Gateway" */;
			buildPhases = (
				3ABADF1C1D9A582A00200931 /* Sources */,
				3ABADF1D1D9A582A00200931 /* Frameworks */,
				3ABADF1E1D9A582A00200931 /* Resources */,
			);
			buildRules = (
			);
			dependencies = (
			);
			name = Gateway;
			productName = Gateway;
			productReference = 3ABADF201D9A582A00200931 /* Gateway.app */;
			productType = "com.apple.product-type.application";
		};
		3ABADF361D9A582A00200931 /* GatewayTests */ = {
			isa = PBXNativeTarget;
			buildConfigurationList = 3ABADF4E1D9A582A00200931 /* Build configuration list for PBXNativeTarget "GatewayTests" */;
			buildPhases = (
				3ABADF331D9A582A00200931 /* Sources */,
				3ABADF341D9A582A00200931 /* Frameworks */,
				3ABADF351D9A582A00200931 /* Resources */,
			);
			buildRules = (
			);
			dependencies = (
				3ABADF391D9A582A00200931 /* PBXTargetDependency */,
			);
			name = GatewayTests;
			productName = GatewayTests;
			productReference = 3ABADF371D9A582A00200931 /* GatewayTests.xctest */;
			productType = "com.apple.product-type.bundle.unit-test";
		};
		3ABADF411D9A582A00200931 /* GatewayUITests */ = {
			isa = PBXNativeTarget;
			buildConfigurationList = 3ABADF511D9A582A00200931 /* Build configuration list for PBXNativeTarget "GatewayUITests" */;
			buildPhases = (
				3ABADF3E1D9A582A00200931 /* Sources */,
				3ABADF3F1D9A582A00200931 /* Frameworks */,
				3ABADF401D9A582A00200931 /* Resources */,
			);
			buildRules = (
			);
			dependencies = (
				3ABADF441D9A582A00200931 /* PBXTargetDependency */,
			);
			name = GatewayUITests;
			productName = GatewayUITests;
			productReference = 3ABADF421D9A582A00200931 /* GatewayUITests.xctest */;
			productType = "com.apple.product-type.bundle.ui-testing";
		};
/* End PBXNativeTarget section */

/* Begin PBXProject section */
		3ABADF181D9A582A00200931 /* Project object */ = {
			isa = PBXProject;
			attributes = {
				LastSwiftUpdateCheck = 0800;
				LastUpgradeCheck = 0820;
				ORGANIZATIONNAME = cccvlm;
				TargetAttributes = {
					3ABADF1F1D9A582A00200931 = {
						CreatedOnToolsVersion = 8.0;
						DevelopmentTeam = 5LS63YU68Q;
						ProvisioningStyle = Automatic;
					};
					3ABADF361D9A582A00200931 = {
						CreatedOnToolsVersion = 8.0;
						DevelopmentTeam = SZTTBDV42P;
						ProvisioningStyle = Automatic;
						TestTargetID = 3ABADF1F1D9A582A00200931;
					};
					3ABADF411D9A582A00200931 = {
						CreatedOnToolsVersion = 8.0;
						DevelopmentTeam = SZTTBDV42P;
						ProvisioningStyle = Automatic;
						TestTargetID = 3ABADF1F1D9A582A00200931;
					};
				};
			};
			buildConfigurationList = 3ABADF1B1D9A582A00200931 /* Build configuration list for PBXProject "Gateway" */;
			compatibilityVersion = "Xcode 3.2";
			developmentRegion = English;
			hasScannedForEncodings = 0;
			knownRegions = (
				en,
				Base,
			);
			mainGroup = 3ABADF171D9A582A00200931;
			productRefGroup = 3ABADF211D9A582A00200931 /* Products */;
			projectDirPath = "";
			projectRoot = "";
			targets = (
				3ABADF1F1D9A582A00200931 /* Gateway */,
				3ABADF361D9A582A00200931 /* GatewayTests */,
				3ABADF411D9A582A00200931 /* GatewayUITests */,
			);
		};
/* End PBXProject section */

/* Begin PBXResourcesBuildPhase section */
		3ABADF1E1D9A582A00200931 /* Resources */ = {
			isa = PBXResourcesBuildPhase;
			buildActionMask = 2147483647;
			files = (
				3ABADF311D9A582A00200931 /* LaunchScreen.storyboard in Resources */,
				3ABADF2E1D9A582A00200931 /* Assets.xcassets in Resources */,
				3ABADF291D9A582A00200931 /* Main.storyboard in Resources */,
				3AB723161DACC699009CB451 /* Tab in Resources */,
				3AB722E11DACC376009CB451 /* MVC in Resources */,
			);
			runOnlyForDeploymentPostprocessing = 0;
		};
		3ABADF351D9A582A00200931 /* Resources */ = {
			isa = PBXResourcesBuildPhase;
			buildActionMask = 2147483647;
			files = (
			);
			runOnlyForDeploymentPostprocessing = 0;
		};
		3ABADF401D9A582A00200931 /* Resources */ = {
			isa = PBXResourcesBuildPhase;
			buildActionMask = 2147483647;
			files = (
			);
			runOnlyForDeploymentPostprocessing = 0;
		};
/* End PBXResourcesBuildPhase section */

/* Begin PBXSourcesBuildPhase section */
		3ABADF1C1D9A582A00200931 /* Sources */ = {
			isa = PBXSourcesBuildPhase;
			buildActionMask = 2147483647;
			files = (
				3AB7232D1DACC6D0009CB451 /* HomeCategory.swift in Sources */,
				3AB7232F1DACC6D0009CB451 /* MovieNext.swift in Sources */,
				3AB722EC1DACC3CC009CB451 /* FavoriteDAO.swift in Sources */,
				3AB723011DACC488009CB451 /* Init.swift in Sources */,
				3AB722ED1DACC3CC009CB451 /* HistoryDAO.swift in Sources */,
				3AB722F91DACC3E1009CB451 /* FavoriteVO.swift in Sources */,
				3AB7233B1DACC7DE009CB451 /* page2ViewController.swift in Sources */,
				3AB723311DACC6D0009CB451 /* MovieQuestion.swift in Sources */,
				3AB722FA1DACC3E1009CB451 /* HistoryVO.swift in Sources */,
				3A2025DA1DAD1CE100B367CE /* EsterEgg.swift in Sources */,
				3AB722F01DACC3CC009CB451 /* QuestionDAO.swift in Sources */,
				3AB7233D1DACC7DE009CB451 /* TutorialViewController.swift in Sources */,
				3AB723301DACC6D0009CB451 /* MoviePlay.swift in Sources */,
				3AB7232E1DACC6D0009CB451 /* MovieChoice.swift in Sources */,
				3AB722F81DACC3E1009CB451 /* DownVO.swift in Sources */,
				3AB7233C1DACC7DE009CB451 /* TutorialPageViewController.swift in Sources */,
				3AB723241DACC6BD009CB451 /* FirstViewController.swift in Sources */,
				3AB723231DACC6BD009CB451 /* ATTabbar.swift in Sources */,
				3AB722EF1DACC3CC009CB451 /* MovieDAO.swift in Sources */,
				3AB722FC1DACC3E1009CB451 /* MovieVO.swift in Sources */,
				3AB7233A1DACC7DE009CB451 /* firstpageViewCon.swift in Sources */,
				3AB723341DACC6DC009CB451 /* InfoViewController.swift in Sources */,
				3AB7231D1DACC6AA009CB451 /* HistoryViewController.swift in Sources */,
				3AB7231B1DACC6AA009CB451 /* DownViewController.swift in Sources */,
				3AB7233F1DACC847009CB451 /* TabBarController.swift in Sources */,
				3AB722EE1DACC3CC009CB451 /* LinkDAO.swift in Sources */,
				3AB7231C1DACC6AA009CB451 /* FavoriteViewController.swift in Sources */,
				3AB722EB1DACC3CC009CB451 /* DownDAO.swift in Sources */,
				3AB723261DACC6BD009CB451 /* ViewController.swift in Sources */,
				3AB723251DACC6BD009CB451 /* ManagerViewController.swift in Sources */,
				3AB722FB1DACC3E1009CB451 /* LinkVO.swift in Sources */,
				3AB722FF1DACC44C009CB451 /* Gateway.xcdatamodel in Sources */,
				3ABADF241D9A582A00200931 /* AppDelegate.swift in Sources */,
				3AB722FD1DACC3E1009CB451 /* QuesionVO.swift in Sources */,
			);
			runOnlyForDeploymentPostprocessing = 0;
		};
		3ABADF331D9A582A00200931 /* Sources */ = {
			isa = PBXSourcesBuildPhase;
			buildActionMask = 2147483647;
			files = (
				3ABADF3C1D9A582A00200931 /* GatewayTests.swift in Sources */,
			);
			runOnlyForDeploymentPostprocessing = 0;
		};
		3ABADF3E1D9A582A00200931 /* Sources */ = {
			isa = PBXSourcesBuildPhase;
			buildActionMask = 2147483647;
			files = (
				3ABADF471D9A582A00200931 /* GatewayUITests.swift in Sources */,
			);
			runOnlyForDeploymentPostprocessing = 0;
		};
/* End PBXSourcesBuildPhase section */

/* Begin PBXTargetDependency section */
		3ABADF391D9A582A00200931 /* PBXTargetDependency */ = {
			isa = PBXTargetDependency;
			target = 3ABADF1F1D9A582A00200931 /* Gateway */;
			targetProxy = 3ABADF381D9A582A00200931 /* PBXContainerItemProxy */;
		};
		3ABADF441D9A582A00200931 /* PBXTargetDependency */ = {
			isa = PBXTargetDependency;
			target = 3ABADF1F1D9A582A00200931 /* Gateway */;
			targetProxy = 3ABADF431D9A582A00200931 /* PBXContainerItemProxy */;
		};
/* End PBXTargetDependency section */

/* Begin PBXVariantGroup section */
		3ABADF271D9A582A00200931 /* Main.storyboard */ = {
			isa = PBXVariantGroup;
			children = (
				3ABADF281D9A582A00200931 /* Base */,
			);
			name = Main.storyboard;
			sourceTree = "<group>";
		};
		3ABADF2F1D9A582A00200931 /* LaunchScreen.storyboard */ = {
			isa = PBXVariantGroup;
			children = (
				3ABADF301D9A582A00200931 /* Base */,
			);
			name = LaunchScreen.storyboard;
			sourceTree = "<group>";
		};
/* End PBXVariantGroup section */

/* Begin XCBuildConfiguration section */
		3ABADF491D9A582A00200931 /* Debug */ = {
			isa = XCBuildConfiguration;
			buildSettings = {
				ALWAYS_SEARCH_USER_PATHS = NO;
				CLANG_ANALYZER_NONNULL = YES;
				CLANG_CXX_LANGUAGE_STANDARD = "gnu++0x";
				CLANG_CXX_LIBRARY = "libc++";
				CLANG_ENABLE_MODULES = YES;
				CLANG_ENABLE_OBJC_ARC = YES;
				CLANG_WARN_BOOL_CONVERSION = YES;
				CLANG_WARN_CONSTANT_CONVERSION = YES;
				CLANG_WARN_DIRECT_OBJC_ISA_USAGE = YES_ERROR;
				CLANG_WARN_DOCUMENTATION_COMMENTS = YES;
				CLANG_WARN_EMPTY_BODY = YES;
				CLANG_WARN_ENUM_CONVERSION = YES;
				CLANG_WARN_INFINITE_RECURSION = YES;
				CLANG_WARN_INT_CONVERSION = YES;
				CLANG_WARN_OBJC_ROOT_CLASS = YES_ERROR;
				CLANG_WARN_SUSPICIOUS_MOVE = YES;
				CLANG_WARN_SUSPICIOUS_MOVES = YES;
				CLANG_WARN_UNREACHABLE_CODE = YES;
				CLANG_WARN__DUPLICATE_METHOD_MATCH = YES;
				CODE_SIGN_IDENTITY = "iPhone Distribution";
				"CODE_SIGN_IDENTITY[sdk=iphoneos10.0]" = "";
				COPY_PHASE_STRIP = NO;
				DEBUG_INFORMATION_FORMAT = dwarf;
				DEVELOPMENT_TEAM = SZTTBDV42P;
				ENABLE_STRICT_OBJC_MSGSEND = YES;
				ENABLE_TESTABILITY = YES;
				GCC_C_LANGUAGE_STANDARD = gnu99;
				GCC_DYNAMIC_NO_PIC = NO;
				GCC_NO_COMMON_BLOCKS = YES;
				GCC_OPTIMIZATION_LEVEL = 0;
				GCC_PREPROCESSOR_DEFINITIONS = (
					"DEBUG=1",
					"$(inherited)",
				);
				GCC_WARN_64_TO_32_BIT_CONVERSION = YES;
				GCC_WARN_ABOUT_RETURN_TYPE = YES_ERROR;
				GCC_WARN_UNDECLARED_SELECTOR = YES;
				GCC_WARN_UNINITIALIZED_AUTOS = YES_AGGRESSIVE;
				GCC_WARN_UNUSED_FUNCTION = YES;
				GCC_WARN_UNUSED_VARIABLE = YES;
				IPHONEOS_DEPLOYMENT_TARGET = 9.0;
				MTL_ENABLE_DEBUG_INFO = YES;
				ONLY_ACTIVE_ARCH = YES;
				PROVISIONING_PROFILE = "";
				SDKROOT = iphoneos;
				SWIFT_ACTIVE_COMPILATION_CONDITIONS = DEBUG;
				SWIFT_OPTIMIZATION_LEVEL = "-Onone";
				TARGETED_DEVICE_FAMILY = "1,2";
			};
			name = Debug;
		};
		3ABADF4A1D9A582A00200931 /* Release */ = {
			isa = XCBuildConfiguration;
			buildSettings = {
				ALWAYS_SEARCH_USER_PATHS = NO;
				CLANG_ANALYZER_NONNULL = YES;
				CLANG_CXX_LANGUAGE_STANDARD = "gnu++0x";
				CLANG_CXX_LIBRARY = "libc++";
				CLANG_ENABLE_MODULES = YES;
				CLANG_ENABLE_OBJC_ARC = YES;
				CLANG_WARN_BOOL_CONVERSION = YES;
				CLANG_WARN_CONSTANT_CONVERSION = YES;
				CLANG_WARN_DIRECT_OBJC_ISA_USAGE = YES_ERROR;
				CLANG_WARN_DOCUMENTATION_COMMENTS = YES;
				CLANG_WARN_EMPTY_BODY = YES;
				CLANG_WARN_ENUM_CONVERSION = YES;
				CLANG_WARN_INFINITE_RECURSION = YES;
				CLANG_WARN_INT_CONVERSION = YES;
				CLANG_WARN_OBJC_ROOT_CLASS = YES_ERROR;
				CLANG_WARN_SUSPICIOUS_MOVE = YES;
				CLANG_WARN_SUSPICIOUS_MOVES = YES;
				CLANG_WARN_UNREACHABLE_CODE = YES;
				CLANG_WARN__DUPLICATE_METHOD_MATCH = YES;
				CODE_SIGN_IDENTITY = "iPhone Distribution";
				"CODE_SIGN_IDENTITY[sdk=iphoneos10.0]" = "";
				COPY_PHASE_STRIP = NO;
				DEBUG_INFORMATION_FORMAT = "dwarf-with-dsym";
				DEVELOPMENT_TEAM = SZTTBDV42P;
				ENABLE_NS_ASSERTIONS = NO;
				ENABLE_STRICT_OBJC_MSGSEND = YES;
				GCC_C_LANGUAGE_STANDARD = gnu99;
				GCC_NO_COMMON_BLOCKS = YES;
				GCC_WARN_64_TO_32_BIT_CONVERSION = YES;
				GCC_WARN_ABOUT_RETURN_TYPE = YES_ERROR;
				GCC_WARN_UNDECLARED_SELECTOR = YES;
				GCC_WARN_UNINITIALIZED_AUTOS = YES_AGGRESSIVE;
				GCC_WARN_UNUSED_FUNCTION = YES;
				GCC_WARN_UNUSED_VARIABLE = YES;
				IPHONEOS_DEPLOYMENT_TARGET = 9.0;
				MTL_ENABLE_DEBUG_INFO = NO;
				PROVISIONING_PROFILE = "";
				SDKROOT = iphoneos;
				SWIFT_OPTIMIZATION_LEVEL = "-Owholemodule";
				TARGETED_DEVICE_FAMILY = "1,2";
				VALIDATE_PRODUCT = YES;
			};
			name = Release;
		};
		3ABADF4C1D9A582A00200931 /* Debug */ = {
			isa = XCBuildConfiguration;
			buildSettings = {
				ASSETCATALOG_COMPILER_APPICON_NAME = AppIcon;
				CODE_SIGN_IDENTITY = "iPhone Developer";
				DEVELOPMENT_TEAM = 5LS63YU68Q;
				FRAMEWORK_SEARCH_PATHS = (
					"$(inherited)",
					"$(PROJECT_DIR)/Gateway",
				);
				INFOPLIST_FILE = Gateway/Info.plist;
				IPHONEOS_DEPLOYMENT_TARGET = 10.2;
				LD_RUNPATH_SEARCH_PATHS = "$(inherited) @executable_path/Frameworks";
				OTHER_LDFLAGS = "";
				PRODUCT_BUNDLE_IDENTIFIER = org.kccc.Gateway.ios;
				PRODUCT_NAME = "$(TARGET_NAME)";
				PROVISIONING_PROFILE = "";
				PROVISIONING_PROFILE_SPECIFIER = "";
				SWIFT_VERSION = 3.0;
			};
			name = Debug;
		};
		3ABADF4D1D9A582A00200931 /* Release */ = {
			isa = XCBuildConfiguration;
			buildSettings = {
				ASSETCATALOG_COMPILER_APPICON_NAME = AppIcon;
				CODE_SIGN_IDENTITY = "iPhone Developer";
				DEVELOPMENT_TEAM = 5LS63YU68Q;
				FRAMEWORK_SEARCH_PATHS = (
					"$(inherited)",
					"$(PROJECT_DIR)/Gateway",
				);
				INFOPLIST_FILE = Gateway/Info.plist;
				IPHONEOS_DEPLOYMENT_TARGET = 10.2;
				LD_RUNPATH_SEARCH_PATHS = "$(inherited) @executable_path/Frameworks";
				OTHER_LDFLAGS = "";
				PRODUCT_BUNDLE_IDENTIFIER = org.kccc.Gateway.ios;
				PRODUCT_NAME = "$(TARGET_NAME)";
				PROVISIONING_PROFILE = "";
				PROVISIONING_PROFILE_SPECIFIER = "";
				SWIFT_VERSION = 3.0;
			};
			name = Release;
		};
		3ABADF4F1D9A582A00200931 /* Debug */ = {
			isa = XCBuildConfiguration;
			buildSettings = {
				ALWAYS_EMBED_SWIFT_STANDARD_LIBRARIES = YES;
				BUNDLE_LOADER = "$(TEST_HOST)";
				DEVELOPMENT_TEAM = SZTTBDV42P;
				INFOPLIST_FILE = GatewayTests/Info.plist;
				LD_RUNPATH_SEARCH_PATHS = "$(inherited) @executable_path/Frameworks @loader_path/Frameworks";
				PRODUCT_BUNDLE_IDENTIFIER = org.kccc.GatewayTests;
				PRODUCT_NAME = "$(TARGET_NAME)";
				SWIFT_VERSION = 3.0;
				TEST_HOST = "$(BUILT_PRODUCTS_DIR)/Gateway.app/Gateway";
			};
			name = Debug;
		};
		3ABADF501D9A582A00200931 /* Release */ = {
			isa = XCBuildConfiguration;
			buildSettings = {
				ALWAYS_EMBED_SWIFT_STANDARD_LIBRARIES = YES;
				BUNDLE_LOADER = "$(TEST_HOST)";
				DEVELOPMENT_TEAM = SZTTBDV42P;
				INFOPLIST_FILE = GatewayTests/Info.plist;
				LD_RUNPATH_SEARCH_PATHS = "$(inherited) @executable_path/Frameworks @loader_path/Frameworks";
				PRODUCT_BUNDLE_IDENTIFIER = org.kccc.GatewayTests;
				PRODUCT_NAME = "$(TARGET_NAME)";
				SWIFT_VERSION = 3.0;
				TEST_HOST = "$(BUILT_PRODUCTS_DIR)/Gateway.app/Gateway";
			};
			name = Release;
		};
		3ABADF521D9A582A00200931 /* Debug */ = {
			isa = XCBuildConfiguration;
			buildSettings = {
				ALWAYS_EMBED_SWIFT_STANDARD_LIBRARIES = YES;
				DEVELOPMENT_TEAM = SZTTBDV42P;
				INFOPLIST_FILE = GatewayUITests/Info.plist;
				LD_RUNPATH_SEARCH_PATHS = "$(inherited) @executable_path/Frameworks @loader_path/Frameworks";
				PRODUCT_BUNDLE_IDENTIFIER = org.kccc.GatewayUITests;
				PRODUCT_NAME = "$(TARGET_NAME)";
				SWIFT_VERSION = 3.0;
				TEST_TARGET_NAME = Gateway;
			};
			name = Debug;
		};
		3ABADF531D9A582A00200931 /* Release */ = {
			isa = XCBuildConfiguration;
			buildSettings = {
				ALWAYS_EMBED_SWIFT_STANDARD_LIBRARIES = YES;
				DEVELOPMENT_TEAM = SZTTBDV42P;
				INFOPLIST_FILE = GatewayUITests/Info.plist;
				LD_RUNPATH_SEARCH_PATHS = "$(inherited) @executable_path/Frameworks @loader_path/Frameworks";
				PRODUCT_BUNDLE_IDENTIFIER = org.kccc.GatewayUITests;
				PRODUCT_NAME = "$(TARGET_NAME)";
				SWIFT_VERSION = 3.0;
				TEST_TARGET_NAME = Gateway;
			};
			name = Release;
		};
/* End XCBuildConfiguration section */

/* Begin XCConfigurationList section */
		3ABADF1B1D9A582A00200931 /* Build configuration list for PBXProject "Gateway" */ = {
			isa = XCConfigurationList;
			buildConfigurations = (
				3ABADF491D9A582A00200931 /* Debug */,
				3ABADF4A1D9A582A00200931 /* Release */,
			);
			defaultConfigurationIsVisible = 0;
			defaultConfigurationName = Release;
		};
		3ABADF4B1D9A582A00200931 /* Build configuration list for PBXNativeTarget "Gateway" */ = {
			isa = XCConfigurationList;
			buildConfigurations = (
				3ABADF4C1D9A582A00200931 /* Debug */,
				3ABADF4D1D9A582A00200931 /* Release */,
			);
			defaultConfigurationIsVisible = 0;
			defaultConfigurationName = Release;
		};
		3ABADF4E1D9A582A00200931 /* Build configuration list for PBXNativeTarget "GatewayTests" */ = {
			isa = XCConfigurationList;
			buildConfigurations = (
				3ABADF4F1D9A582A00200931 /* Debug */,
				3ABADF501D9A582A00200931 /* Release */,
			);
			defaultConfigurationIsVisible = 0;
			defaultConfigurationName = Release;
		};
		3ABADF511D9A582A00200931 /* Build configuration list for PBXNativeTarget "GatewayUITests" */ = {
			isa = XCConfigurationList;
			buildConfigurations = (
				3ABADF521D9A582A00200931 /* Debug */,
				3ABADF531D9A582A00200931 /* Release */,
			);
			defaultConfigurationIsVisible = 0;
			defaultConfigurationName = Release;
		};
/* End XCConfigurationList section */
	};
	rootObject = 3ABADF181D9A582A00200931 /* Project object */;
}
